
Microsoft Visual Studio Solution File, Format Version 12.00
# Visual Studio Version 16
VisualStudioVersion = 16.0.31112.23
MinimumVisualStudioVersion = 10.0.40219.1
Project("{9A19103F-16F7-4668-BE54-9A1E7A4F7556}") = "ToDoList", "ToDoList.csproj", "{5AB19D8F-FA8E-4EDC-A3B2-A834625B008A}"
EndProject
Project("{9A19103F-16F7-4668-BE54-9A1E7A4F7556}") = "ToDoList.Tests", "..\tests\ToDoList.Tests.csproj", "{BAE24E35-A30A-4B19-911B-743946CCCFAB}"
EndProject
Global
	GlobalSection(SolutionConfigurationPlatforms) = preSolution
		Debug|Any CPU = Debug|Any CPU
		Release|Any CPU = Release|Any CPU
	EndGlobalSection
	GlobalSection(ProjectConfigurationPlatforms) = postSolution
		{5AB19D8F-FA8E-4EDC-A3B2-A834625B008A}.Debug|Any CPU.ActiveCfg = Debug|Any CPU
		{5AB19D8F-FA8E-4EDC-A3B2-A834625B008A}.Debug|Any CPU.Build.0 = Debug|Any CPU
		{5AB19D8F-FA8E-4EDC-A3B2-A834625B008A}.Release|Any CPU.ActiveCfg = Release|Any CPU
		{5AB19D8F-FA8E-4EDC-A3B2-A834625B008A}.Release|Any CPU.Build.0 = Release|Any CPU
		{BAE24E35-A30A-4B19-911B-743946CCCFAB}.Debug|Any CPU.ActiveCfg = Debug|Any CPU
		{BAE24E35-A30A-4B19-911B-743946CCCFAB}.Debug|Any CPU.Build.0 = Debug|Any CPU
		{BAE24E35-A30A-4B19-911B-743946CCCFAB}.Release|Any CPU.ActiveCfg = Release|Any CPU
		{BAE24E35-A30A-4B19-911B-743946CCCFAB}.Release|Any CPU.Build.0 = Release|Any CPU
	EndGlobalSection
	GlobalSection(SolutionProperties) = preSolution
		HideSolutionNode = FALSE
	EndGlobalSection
	GlobalSection(ExtensibilityGlobals) = postSolution
		SolutionGuid = {F9DF36B9-14BA-4D73-B20A-06C4AF3B0E91}
	EndGlobalSection
EndGlobal
